// !$*UTF8*$!
{
	archiveVersion = 1;
	classes = {
	};
	objectVersion = 50;
	objects = {

/* Begin PBXBuildFile section */
		0009DB9D209F548C007E64D6 /* AppDelegate.swift in Sources */ = {isa = PBXBuildFile; fileRef = 0009DB9C209F548C007E64D6 /* AppDelegate.swift */; };
		0009DBA2209F548D007E64D6 /* Main.storyboard in Resources */ = {isa = PBXBuildFile; fileRef = 0009DBA0209F548D007E64D6 /* Main.storyboard */; };
		0009DBA4209F548D007E64D6 /* Assets.xcassets in Resources */ = {isa = PBXBuildFile; fileRef = 0009DBA3209F548D007E64D6 /* Assets.xcassets */; };
		0009DBA7209F548D007E64D6 /* LaunchScreen.storyboard in Resources */ = {isa = PBXBuildFile; fileRef = 0009DBA5209F548D007E64D6 /* LaunchScreen.storyboard */; };
		0009DBB2209F548D007E64D6 /* Robin_Francq_S2IT_werkstuk1Tests.swift in Sources */ = {isa = PBXBuildFile; fileRef = 0009DBB1209F548D007E64D6 /* Robin_Francq_S2IT_werkstuk1Tests.swift */; };
		0009DBBD209F548D007E64D6 /* Robin_Francq_S2IT_werkstuk1UITests.swift in Sources */ = {isa = PBXBuildFile; fileRef = 0009DBBC209F548D007E64D6 /* Robin_Francq_S2IT_werkstuk1UITests.swift */; };
		0009DBCB209F6275007E64D6 /* Persoon.swift in Sources */ = {isa = PBXBuildFile; fileRef = 0009DBCA209F6275007E64D6 /* Persoon.swift */; };
		0009DBCD209F63CB007E64D6 /* Adres.swift in Sources */ = {isa = PBXBuildFile; fileRef = 0009DBCC209F63CB007E64D6 /* Adres.swift */; };
		00AE6E8D20A0ACE8000F228B /* TableViewController.swift in Sources */ = {isa = PBXBuildFile; fileRef = 00AE6E8C20A0ACE8000F228B /* TableViewController.swift */; };
		00AE6E8F20A0ADC6000F228B /* ViewController.swift in Sources */ = {isa = PBXBuildFile; fileRef = 00AE6E8E20A0ADC6000F228B /* ViewController.swift */; };
/* End PBXBuildFile section */

/* Begin PBXContainerItemProxy section */
		0009DBAE209F548D007E64D6 /* PBXContainerItemProxy */ = {
			isa = PBXContainerItemProxy;
			containerPortal = 0009DB91209F548C007E64D6 /* Project object */;
			proxyType = 1;
			remoteGlobalIDString = 0009DB98209F548C007E64D6;
			remoteInfo = Robin_Francq_S2IT_werkstuk1;
		};
		0009DBB9209F548D007E64D6 /* PBXContainerItemProxy */ = {
			isa = PBXContainerItemProxy;
			containerPortal = 0009DB91209F548C007E64D6 /* Project object */;
			proxyType = 1;
			remoteGlobalIDString = 0009DB98209F548C007E64D6;
			remoteInfo = Robin_Francq_S2IT_werkstuk1;
		};
/* End PBXContainerItemProxy section */

/* Begin PBXFileReference section */
		0009DB99209F548C007E64D6 /* Robin_Francq_S2IT_werkstuk1.app */ = {isa = PBXFileReference; explicitFileType = wrapper.application; includeInIndex = 0; path = Robin_Francq_S2IT_werkstuk1.app; sourceTree = BUILT_PRODUCTS_DIR; };
		0009DB9C209F548C007E64D6 /* AppDelegate.swift */ = {isa = PBXFileReference; lastKnownFileType = sourcecode.swift; path = AppDelegate.swift; sourceTree = "<group>"; };
		0009DBA1209F548D007E64D6 /* Base */ = {isa = PBXFileReference; lastKnownFileType = file.storyboard; name = Base; path = Base.lproj/Main.storyboard; sourceTree = "<group>"; };
		0009DBA3209F548D007E64D6 /* Assets.xcassets */ = {isa = PBXFileReference; lastKnownFileType = folder.assetcatalog; path = Assets.xcassets; sourceTree = "<group>"; };
		0009DBA6209F548D007E64D6 /* Base */ = {isa = PBXFileReference; lastKnownFileType = file.storyboard; name = Base; path = Base.lproj/LaunchScreen.storyboard; sourceTree = "<group>"; };
		0009DBA8209F548D007E64D6 /* Info.plist */ = {isa = PBXFileReference; lastKnownFileType = text.plist.xml; path = Info.plist; sourceTree = "<group>"; };
		0009DBAD209F548D007E64D6 /* Robin_Francq_S2IT_werkstuk1Tests.xctest */ = {isa = PBXFileReference; explicitFileType = wrapper.cfbundle; includeInIndex = 0; path = Robin_Francq_S2IT_werkstuk1Tests.xctest; sourceTree = BUILT_PRODUCTS_DIR; };
		0009DBB1209F548D007E64D6 /* Robin_Francq_S2IT_werkstuk1Tests.swift */ = {isa = PBXFileReference; lastKnownFileType = sourcecode.swift; path = Robin_Francq_S2IT_werkstuk1Tests.swift; sourceTree = "<group>"; };
		0009DBB3209F548D007E64D6 /* Info.plist */ = {isa = PBXFileReference; lastKnownFileType = text.plist.xml; path = Info.plist; sourceTree = "<group>"; };
		0009DBB8209F548D007E64D6 /* Robin_Francq_S2IT_werkstuk1UITests.xctest */ = {isa = PBXFileReference; explicitFileType = wrapper.cfbundle; includeInIndex = 0; path = Robin_Francq_S2IT_werkstuk1UITests.xctest; sourceTree = BUILT_PRODUCTS_DIR; };
		0009DBBC209F548D007E64D6 /* Robin_Francq_S2IT_werkstuk1UITests.swift */ = {isa = PBXFileReference; lastKnownFileType = sourcecode.swift; path = Robin_Francq_S2IT_werkstuk1UITests.swift; sourceTree = "<group>"; };
		0009DBBE209F548D007E64D6 /* Info.plist */ = {isa = PBXFileReference; lastKnownFileType = text.plist.xml; path = Info.plist; sourceTree = "<group>"; };
		0009DBCA209F6275007E64D6 /* Persoon.swift */ = {isa = PBXFileReference; lastKnownFileType = sourcecode.swift; path = Persoon.swift; sourceTree = "<group>"; };
		0009DBCC209F63CB007E64D6 /* Adres.swift */ = {isa = PBXFileReference; lastKnownFileType = sourcecode.swift; path = Adres.swift; sourceTree = "<group>"; };
		00AE6E8C20A0ACE8000F228B /* TableViewController.swift */ = {isa = PBXFileReference; lastKnownFileType = sourcecode.swift; path = TableViewController.swift; sourceTree = "<group>"; };
		00AE6E8E20A0ADC6000F228B /* ViewController.swift */ = {isa = PBXFileReference; lastKnownFileType = sourcecode.swift; path = ViewController.swift; sourceTree = "<group>"; };
/* End PBXFileReference section */

/* Begin PBXFrameworksBuildPhase section */
		0009DB96209F548C007E64D6 /* Frameworks */ = {
			isa = PBXFrameworksBuildPhase;
			buildActionMask = 2147483647;
			files = (
			);
			runOnlyForDeploymentPostprocessing = 0;
		};
		0009DBAA209F548D007E64D6 /* Frameworks */ = {
			isa = PBXFrameworksBuildPhase;
			buildActionMask = 2147483647;
			files = (
			);
			runOnlyForDeploymentPostprocessing = 0;
		};
		0009DBB5209F548D007E64D6 /* Frameworks */ = {
			isa = PBXFrameworksBuildPhase;
			buildActionMask = 2147483647;
			files = (
			);
			runOnlyForDeploymentPostprocessing = 0;
		};
/* End PBXFrameworksBuildPhase section */

/* Begin PBXGroup section */
		0009DB90209F548C007E64D6 = {
			isa = PBXGroup;
			children = (
				0009DB9B209F548C007E64D6 /* Robin_Francq_S2IT_werkstuk1 */,
				0009DBB0209F548D007E64D6 /* Robin_Francq_S2IT_werkstuk1Tests */,
				0009DBBB209F548D007E64D6 /* Robin_Francq_S2IT_werkstuk1UITests */,
				0009DB9A209F548C007E64D6 /* Products */,
			);
			sourceTree = "<group>";
		};
		0009DB9A209F548C007E64D6 /* Products */ = {
			isa = PBXGroup;
			children = (
				0009DB99209F548C007E64D6 /* Robin_Francq_S2IT_werkstuk1.app */,
				0009DBAD209F548D007E64D6 /* Robin_Francq_S2IT_werkstuk1Tests.xctest */,
				0009DBB8209F548D007E64D6 /* Robin_Francq_S2IT_werkstuk1UITests.xctest */,
			);
			name = Products;
			sourceTree = "<group>";
		};
		0009DB9B209F548C007E64D6 /* Robin_Francq_S2IT_werkstuk1 */ = {
			isa = PBXGroup;
			children = (
				0009DB9C209F548C007E64D6 /* AppDelegate.swift */,
				0009DBA0209F548D007E64D6 /* Main.storyboard */,
				00AE6E8E20A0ADC6000F228B /* ViewController.swift */,
				00AE6E8C20A0ACE8000F228B /* TableViewController.swift */,
				0009DBCA209F6275007E64D6 /* Persoon.swift */,
				0009DBCC209F63CB007E64D6 /* Adres.swift */,
				0009DBA3209F548D007E64D6 /* Assets.xcassets */,
				0009DBA5209F548D007E64D6 /* LaunchScreen.storyboard */,
				0009DBA8209F548D007E64D6 /* Info.plist */,
			);
			path = Robin_Francq_S2IT_werkstuk1;
			sourceTree = "<group>";
		};
		0009DBB0209F548D007E64D6 /* Robin_Francq_S2IT_werkstuk1Tests */ = {
			isa = PBXGroup;
			children = (
				0009DBB1209F548D007E64D6 /* Robin_Francq_S2IT_werkstuk1Tests.swift */,
				0009DBB3209F548D007E64D6 /* Info.plist */,
			);
			path = Robin_Francq_S2IT_werkstuk1Tests;
			sourceTree = "<group>";
		};
		0009DBBB209F548D007E64D6 /* Robin_Francq_S2IT_werkstuk1UITests */ = {
			isa = PBXGroup;
			children = (
				0009DBBC209F548D007E64D6 /* Robin_Francq_S2IT_werkstuk1UITests.swift */,
				0009DBBE209F548D007E64D6 /* Info.plist */,
			);
			path = Robin_Francq_S2IT_werkstuk1UITests;
			sourceTree = "<group>";
		};
/* End PBXGroup section */

/* Begin PBXNativeTarget section */
		0009DB98209F548C007E64D6 /* Robin_Francq_S2IT_werkstuk1 */ = {
			isa = PBXNativeTarget;
			buildConfigurationList = 0009DBC1209F548D007E64D6 /* Build configuration list for PBXNativeTarget "Robin_Francq_S2IT_werkstuk1" */;
			buildPhases = (
				0009DB95209F548C007E64D6 /* Sources */,
				0009DB96209F548C007E64D6 /* Frameworks */,
				0009DB97209F548C007E64D6 /* Resources */,
			);
			buildRules = (
			);
			dependencies = (
			);
			name = Robin_Francq_S2IT_werkstuk1;
			productName = Robin_Francq_S2IT_werkstuk1;
			productReference = 0009DB99209F548C007E64D6 /* Robin_Francq_S2IT_werkstuk1.app */;
			productType = "com.apple.product-type.application";
		};
		0009DBAC209F548D007E64D6 /* Robin_Francq_S2IT_werkstuk1Tests */ = {
			isa = PBXNativeTarget;
			buildConfigurationList = 0009DBC4209F548D007E64D6 /* Build configuration list for PBXNativeTarget "Robin_Francq_S2IT_werkstuk1Tests" */;
			buildPhases = (
				0009DBA9209F548D007E64D6 /* Sources */,
				0009DBAA209F548D007E64D6 /* Frameworks */,
				0009DBAB209F548D007E64D6 /* Resources */,
			);
			buildRules = (
			);
			dependencies = (
				0009DBAF209F548D007E64D6 /* PBXTargetDependency */,
			);
			name = Robin_Francq_S2IT_werkstuk1Tests;
			productName = Robin_Francq_S2IT_werkstuk1Tests;
			productReference = 0009DBAD209F548D007E64D6 /* Robin_Francq_S2IT_werkstuk1Tests.xctest */;
			productType = "com.apple.product-type.bundle.unit-test";
		};
		0009DBB7209F548D007E64D6 /* Robin_Francq_S2IT_werkstuk1UITests */ = {
			isa = PBXNativeTarget;
			buildConfigurationList = 0009DBC7209F548D007E64D6 /* Build configuration list for PBXNativeTarget "Robin_Francq_S2IT_werkstuk1UITests" */;
			buildPhases = (
				0009DBB4209F548D007E64D6 /* Sources */,
				0009DBB5209F548D007E64D6 /* Frameworks */,
				0009DBB6209F548D007E64D6 /* Resources */,
			);
			buildRules = (
			);
			dependencies = (
				0009DBBA209F548D007E64D6 /* PBXTargetDependency */,
			);
			name = Robin_Francq_S2IT_werkstuk1UITests;
			productName = Robin_Francq_S2IT_werkstuk1UITests;
			productReference = 0009DBB8209F548D007E64D6 /* Robin_Francq_S2IT_werkstuk1UITests.xctest */;
			productType = "com.apple.product-type.bundle.ui-testing";
		};
/* End PBXNativeTarget section */

/* Begin PBXProject section */
		0009DB91209F548C007E64D6 /* Project object */ = {
			isa = PBXProject;
			attributes = {
				LastSwiftUpdateCheck = 0930;
				LastUpgradeCheck = 0930;
				ORGANIZATIONNAME = "Robin Francq";
				TargetAttributes = {
					0009DB98209F548C007E64D6 = {
						CreatedOnToolsVersion = 9.3;
					};
					0009DBAC209F548D007E64D6 = {
						CreatedOnToolsVersion = 9.3;
						TestTargetID = 0009DB98209F548C007E64D6;
					};
					0009DBB7209F548D007E64D6 = {
						CreatedOnToolsVersion = 9.3;
						TestTargetID = 0009DB98209F548C007E64D6;
					};
				};
			};
			buildConfigurationList = 0009DB94209F548C007E64D6 /* Build configuration list for PBXProject "Robin_Francq_S2IT_werkstuk1" */;
			compatibilityVersion = "Xcode 9.3";
			developmentRegion = en;
			hasScannedForEncodings = 0;
			knownRegions = (
				en,
				Base,
			);
			mainGroup = 0009DB90209F548C007E64D6;
			productRefGroup = 0009DB9A209F548C007E64D6 /* Products */;
			projectDirPath = "";
			projectRoot = "";
			targets = (
				0009DB98209F548C007E64D6 /* Robin_Francq_S2IT_werkstuk1 */,
				0009DBAC209F548D007E64D6 /* Robin_Francq_S2IT_werkstuk1Tests */,
				0009DBB7209F548D007E64D6 /* Robin_Francq_S2IT_werkstuk1UITests */,
			);
		};
/* End PBXProject section */

/* Begin PBXResourcesBuildPhase section */
		0009DB97209F548C007E64D6 /* Resources */ = {
			isa = PBXResourcesBuildPhase;
			buildActionMask = 2147483647;
			files = (
				0009DBA7209F548D007E64D6 /* LaunchScreen.storyboard in Resources */,
				0009DBA4209F548D007E64D6 /* Assets.xcassets in Resources */,
				0009DBA2209F548D007E64D6 /* Main.storyboard in Resources */,
			);
			runOnlyForDeploymentPostprocessing = 0;
		};
		0009DBAB209F548D007E64D6 /* Resources */ = {
			isa = PBXResourcesBuildPhase;
			buildActionMask = 2147483647;
			files = (
			);
			runOnlyForDeploymentPostprocessing = 0;
		};
		0009DBB6209F548D007E64D6 /* Resources */ = {
			isa = PBXResourcesBuildPhase;
			buildActionMask = 2147483647;
			files = (
			);
			runOnlyForDeploymentPostprocessing = 0;
		};
/* End PBXResourcesBuildPhase section */

/* Begin PBXSourcesBuildPhase section */
		0009DB95209F548C007E64D6 /* Sources */ = {
			isa = PBXSourcesBuildPhase;
			buildActionMask = 2147483647;
			files = (
				00AE6E8F20A0ADC6000F228B /* ViewController.swift in Sources */,
				0009DBCD209F63CB007E64D6 /* Adres.swift in Sources */,
				0009DB9D209F548C007E64D6 /* AppDelegate.swift in Sources */,
				0009DBCB209F6275007E64D6 /* Persoon.swift in Sources */,
				00AE6E8D20A0ACE8000F228B /* TableViewController.swift in Sources */,
			);
			runOnlyForDeploymentPostprocessing = 0;
		};
		0009DBA9209F548D007E64D6 /* Sources */ = {
			isa = PBXSourcesBuildPhase;
			buildActionMask = 2147483647;
			files = (
				0009DBB2209F548D007E64D6 /* Robin_Francq_S2IT_werkstuk1Tests.swift in Sources */,
			);
			runOnlyForDeploymentPostprocessing = 0;
		};
		0009DBB4209F548D007E64D6 /* Sources */ = {
			isa = PBXSourcesBuildPhase;
			buildActionMask = 2147483647;
			files = (
				0009DBBD209F548D007E64D6 /* Robin_Francq_S2IT_werkstuk1UITests.swift in Sources */,
			);
			runOnlyForDeploymentPostprocessing = 0;
		};
/* End PBXSourcesBuildPhase section */

/* Begin PBXTargetDependency section */
		0009DBAF209F548D007E64D6 /* PBXTargetDependency */ = {
			isa = PBXTargetDependency;
			target = 0009DB98209F548C007E64D6 /* Robin_Francq_S2IT_werkstuk1 */;
			targetProxy = 0009DBAE209F548D007E64D6 /* PBXContainerItemProxy */;
		};
		0009DBBA209F548D007E64D6 /* PBXTargetDependency */ = {
			isa = PBXTargetDependency;
			target = 0009DB98209F548C007E64D6 /* Robin_Francq_S2IT_werkstuk1 */;
			targetProxy = 0009DBB9209F548D007E64D6 /* PBXContainerItemProxy */;
		};
/* End PBXTargetDependency section */

/* Begin PBXVariantGroup section */
		0009DBA0209F548D007E64D6 /* Main.storyboard */ = {
			isa = PBXVariantGroup;
			children = (
				0009DBA1209F548D007E64D6 /* Base */,
			);
			name = Main.storyboard;
			sourceTree = "<group>";
		};
		0009DBA5209F548D007E64D6 /* LaunchScreen.storyboard */ = {
			isa = PBXVariantGroup;
			children = (
				0009DBA6209F548D007E64D6 /* Base */,
			);
			name = LaunchScreen.storyboard;
			sourceTree = "<group>";
		};
/* End PBXVariantGroup section */

/* Begin XCBuildConfiguration section */
		0009DBBF209F548D007E64D6 /* Debug */ = {
			isa = XCBuildConfiguration;
			buildSettings = {
				ALWAYS_SEARCH_USER_PATHS = NO;
				CLANG_ANALYZER_NONNULL = YES;
				CLANG_ANALYZER_NUMBER_OBJECT_CONVERSION = YES_AGGRESSIVE;
				CLANG_CXX_LANGUAGE_STANDARD = "gnu++14";
				CLANG_CXX_LIBRARY = "libc++";
				CLANG_ENABLE_MODULES = YES;
				CLANG_ENABLE_OBJC_ARC = YES;
				CLANG_ENABLE_OBJC_WEAK = YES;
				CLANG_WARN_BLOCK_CAPTURE_AUTORELEASING = YES;
				CLANG_WARN_BOOL_CONVERSION = YES;
				CLANG_WARN_COMMA = YES;
				CLANG_WARN_CONSTANT_CONVERSION = YES;
				CLANG_WARN_DEPRECATED_OBJC_IMPLEMENTATIONS = YES;
				CLANG_WARN_DIRECT_OBJC_ISA_USAGE = YES_ERROR;
				CLANG_WARN_DOCUMENTATION_COMMENTS = YES;
				CLANG_WARN_EMPTY_BODY = YES;
				CLANG_WARN_ENUM_CONVERSION = YES;
				CLANG_WARN_INFINITE_RECURSION = YES;
				CLANG_WARN_INT_CONVERSION = YES;
				CLANG_WARN_NON_LITERAL_NULL_CONVERSION = YES;
				CLANG_WARN_OBJC_IMPLICIT_RETAIN_SELF = YES;
				CLANG_WARN_OBJC_LITERAL_CONVERSION = YES;
				CLANG_WARN_OBJC_ROOT_CLASS = YES_ERROR;
				CLANG_WARN_RANGE_LOOP_ANALYSIS = YES;
				CLANG_WARN_STRICT_PROTOTYPES = YES;
				CLANG_WARN_SUSPICIOUS_MOVE = YES;
				CLANG_WARN_UNGUARDED_AVAILABILITY = YES_AGGRESSIVE;
				CLANG_WARN_UNREACHABLE_CODE = YES;
				CLANG_WARN__DUPLICATE_METHOD_MATCH = YES;
				CODE_SIGN_IDENTITY = "iPhone Developer";
				COPY_PHASE_STRIP = NO;
				DEBUG_INFORMATION_FORMAT = dwarf;
				ENABLE_STRICT_OBJC_MSGSEND = YES;
				ENABLE_TESTABILITY = YES;
				GCC_C_LANGUAGE_STANDARD = gnu11;
				GCC_DYNAMIC_NO_PIC = NO;
				GCC_NO_COMMON_BLOCKS = YES;
				GCC_OPTIMIZATION_LEVEL = 0;
				GCC_PREPROCESSOR_DEFINITIONS = (
					"DEBUG=1",
					"$(inherited)",
				);
				GCC_WARN_64_TO_32_BIT_CONVERSION = YES;
				GCC_WARN_ABOUT_RETURN_TYPE = YES_ERROR;
				GCC_WARN_UNDECLARED_SELECTOR = YES;
				GCC_WARN_UNINITIALIZED_AUTOS = YES_AGGRESSIVE;
				GCC_WARN_UNUSED_FUNCTION = YES;
				GCC_WARN_UNUSED_VARIABLE = YES;
				IPHONEOS_DEPLOYMENT_TARGET = 11.3;
				MTL_ENABLE_DEBUG_INFO = YES;
				ONLY_ACTIVE_ARCH = YES;
				SDKROOT = iphoneos;
				SWIFT_ACTIVE_COMPILATION_CONDITIONS = DEBUG;
				SWIFT_OPTIMIZATION_LEVEL = "-Onone";
			};
			name = Debug;
		};
		0009DBC0209F548D007E64D6 /* Release */ = {
			isa = XCBuildConfiguration;
			buildSettings = {
				ALWAYS_SEARCH_USER_PATHS = NO;
				CLANG_ANALYZER_NONNULL = YES;
				CLANG_ANALYZER_NUMBER_OBJECT_CONVERSION = YES_AGGRESSIVE;
				CLANG_CXX_LANGUAGE_STANDARD = "gnu++14";
				CLANG_CXX_LIBRARY = "libc++";
				CLANG_ENABLE_MODULES = YES;
				CLANG_ENABLE_OBJC_ARC = YES;
				CLANG_ENABLE_OBJC_WEAK = YES;
				CLANG_WARN_BLOCK_CAPTURE_AUTORELEASING = YES;
				CLANG_WARN_BOOL_CONVERSION = YES;
				CLANG_WARN_COMMA = YES;
				CLANG_WARN_CONSTANT_CONVERSION = YES;
				CLANG_WARN_DEPRECATED_OBJC_IMPLEMENTATIONS = YES;
				CLANG_WARN_DIRECT_OBJC_ISA_USAGE = YES_ERROR;
				CLANG_WARN_DOCUMENTATION_COMMENTS = YES;
				CLANG_WARN_EMPTY_BODY = YES;
				CLANG_WARN_ENUM_CONVERSION = YES;
				CLANG_WARN_INFINITE_RECURSION = YES;
				CLANG_WARN_INT_CONVERSION = YES;
				CLANG_WARN_NON_LITERAL_NULL_CONVERSION = YES;
				CLANG_WARN_OBJC_IMPLICIT_RETAIN_SELF = YES;
				CLANG_WARN_OBJC_LITERAL_CONVERSION = YES;
				CLANG_WARN_OBJC_ROOT_CLASS = YES_ERROR;
				CLANG_WARN_RANGE_LOOP_ANALYSIS = YES;
				CLANG_WARN_STRICT_PROTOTYPES = YES;
				CLANG_WARN_SUSPICIOUS_MOVE = YES;
				CLANG_WARN_UNGUARDED_AVAILABILITY = YES_AGGRESSIVE;
				CLANG_WARN_UNREACHABLE_CODE = YES;
				CLANG_WARN__DUPLICATE_METHOD_MATCH = YES;
				CODE_SIGN_IDENTITY = "iPhone Developer";
				COPY_PHASE_STRIP = NO;
				DEBUG_INFORMATION_FORMAT = "dwarf-with-dsym";
				ENABLE_NS_ASSERTIONS = NO;
				ENABLE_STRICT_OBJC_MSGSEND = YES;
				GCC_C_LANGUAGE_STANDARD = gnu11;
				GCC_NO_COMMON_BLOCKS = YES;
				GCC_WARN_64_TO_32_BIT_CONVERSION = YES;
				GCC_WARN_ABOUT_RETURN_TYPE = YES_ERROR;
				GCC_WARN_UNDECLARED_SELECTOR = YES;
				GCC_WARN_UNINITIALIZED_AUTOS = YES_AGGRESSIVE;
				GCC_WARN_UNUSED_FUNCTION = YES;
				GCC_WARN_UNUSED_VARIABLE = YES;
				IPHONEOS_DEPLOYMENT_TARGET = 11.3;
				MTL_ENABLE_DEBUG_INFO = NO;
				SDKROOT = iphoneos;
				SWIFT_COMPILATION_MODE = wholemodule;
				SWIFT_OPTIMIZATION_LEVEL = "-O";
				VALIDATE_PRODUCT = YES;
			};
			name = Release;
		};
		0009DBC2209F548D007E64D6 /* Debug */ = {
			isa = XCBuildConfiguration;
			buildSettings = {
				ASSETCATALOG_COMPILER_APPICON_NAME = AppIcon;
				CODE_SIGN_STYLE = Automatic;
				DEVELOPMENT_TEAM = J676C8A7S2;
				INFOPLIST_FILE = Robin_Francq_S2IT_werkstuk1/Info.plist;
				LD_RUNPATH_SEARCH_PATHS = (
					"$(inherited)",
					"@executable_path/Frameworks",
				);
				PRODUCT_BUNDLE_IDENTIFIER = "-998.Robin-Francq-S2IT-werkstuk1";
				PRODUCT_NAME = "$(TARGET_NAME)";
				SWIFT_VERSION = 4.0;
				TARGETED_DEVICE_FAMILY = "1,2";
			};
			name = Debug;
		};
		0009DBC3209F548D007E64D6 /* Release */ = {
			isa = XCBuildConfiguration;
			buildSettings = {
				ASSETCATALOG_COMPILER_APPICON_NAME = AppIcon;
				CODE_SIGN_STYLE = Automatic;
				DEVELOPMENT_TEAM = J676C8A7S2;
				INFOPLIST_FILE = Robin_Francq_S2IT_werkstuk1/Info.plist;
				LD_RUNPATH_SEARCH_PATHS = (
					"$(inherited)",
					"@executable_path/Frameworks",
				);
				PRODUCT_BUNDLE_IDENTIFIER = "-998.Robin-Francq-S2IT-werkstuk1";
				PRODUCT_NAME = "$(TARGET_NAME)";
				SWIFT_VERSION = 4.0;
				TARGETED_DEVICE_FAMILY = "1,2";
			};
			name = Release;
		};
		0009DBC5209F548D007E64D6 /* Debug */ = {
			isa = XCBuildConfiguration;
			buildSettings = {
				ALWAYS_EMBED_SWIFT_STANDARD_LIBRARIES = YES;
				BUNDLE_LOADER = "$(TEST_HOST)";
				CODE_SIGN_STYLE = Automatic;
				DEVELOPMENT_TEAM = J676C8A7S2;
				INFOPLIST_FILE = Robin_Francq_S2IT_werkstuk1Tests/Info.plist;
				LD_RUNPATH_SEARCH_PATHS = (
					"$(inherited)",
					"@executable_path/Frameworks",
					"@loader_path/Frameworks",
				);
				PRODUCT_BUNDLE_IDENTIFIER = "-998.Robin-Francq-S2IT-werkstuk1Tests";
				PRODUCT_NAME = "$(TARGET_NAME)";
				SWIFT_VERSION = 4.0;
				TARGETED_DEVICE_FAMILY = "1,2";
				TEST_HOST = "$(BUILT_PRODUCTS_DIR)/Robin_Francq_S2IT_werkstuk1.app/Robin_Francq_S2IT_werkstuk1";
			};
			name = Debug;
		};
		0009DBC6209F548D007E64D6 /* Release */ = {
			isa = XCBuildConfiguration;
			buildSettings = {
				ALWAYS_EMBED_SWIFT_STANDARD_LIBRARIES = YES;
				BUNDLE_LOADER = "$(TEST_HOST)";
				CODE_SIGN_STYLE = Automatic;
				DEVELOPMENT_TEAM = J676C8A7S2;
				INFOPLIST_FILE = Robin_Francq_S2IT_werkstuk1Tests/Info.plist;
				LD_RUNPATH_SEARCH_PATHS = (
					"$(inherited)",
					"@executable_path/Frameworks",
					"@loader_path/Frameworks",
				);
				PRODUCT_BUNDLE_IDENTIFIER = "-998.Robin-Francq-S2IT-werkstuk1Tests";
				PRODUCT_NAME = "$(TARGET_NAME)";
				SWIFT_VERSION = 4.0;
				TARGETED_DEVICE_FAMILY = "1,2";
				TEST_HOST = "$(BUILT_PRODUCTS_DIR)/Robin_Francq_S2IT_werkstuk1.app/Robin_Francq_S2IT_werkstuk1";
			};
			name = Release;
		};
		0009DBC8209F548D007E64D6 /* Debug */ = {
			isa = XCBuildConfiguration;
			buildSettings = {
				ALWAYS_EMBED_SWIFT_STANDARD_LIBRARIES = YES;
				CODE_SIGN_STYLE = Automatic;
				DEVELOPMENT_TEAM = J676C8A7S2;
				INFOPLIST_FILE = Robin_Francq_S2IT_werkstuk1UITests/Info.plist;
				LD_RUNPATH_SEARCH_PATHS = (
					"$(inherited)",
					"@executable_path/Frameworks",
					"@loader_path/Frameworks",
				);
				PRODUCT_BUNDLE_IDENTIFIER = "-998.Robin-Francq-S2IT-werkstuk1UITests";
				PRODUCT_NAME = "$(TARGET_NAME)";
				SWIFT_VERSION = 4.0;
				TARGETED_DEVICE_FAMILY = "1,2";
				TEST_TARGET_NAME = Robin_Francq_S2IT_werkstuk1;
			};
			name = Debug;
		};
		0009DBC9209F548D007E64D6 /* Release */ = {
			isa = XCBuildConfiguration;
			buildSettings = {
				ALWAYS_EMBED_SWIFT_STANDARD_LIBRARIES = YES;
				CODE_SIGN_STYLE = Automatic;
				DEVELOPMENT_TEAM = J676C8A7S2;
				INFOPLIST_FILE = Robin_Francq_S2IT_werkstuk1UITests/Info.plist;
				LD_RUNPATH_SEARCH_PATHS = (
					"$(inherited)",
					"@executable_path/Frameworks",
					"@loader_path/Frameworks",
				);
				PRODUCT_BUNDLE_IDENTIFIER = "-998.Robin-Francq-S2IT-werkstuk1UITests";
				PRODUCT_NAME = "$(TARGET_NAME)";
				SWIFT_VERSION = 4.0;
				TARGETED_DEVICE_FAMILY = "1,2";
				TEST_TARGET_NAME = Robin_Francq_S2IT_werkstuk1;
			};
			name = Release;
		};
/* End XCBuildConfiguration section */

/* Begin XCConfigurationList section */
		0009DB94209F548C007E64D6 /* Build configuration list for PBXProject "Robin_Francq_S2IT_werkstuk1" */ = {
			isa = XCConfigurationList;
			buildConfigurations = (
				0009DBBF209F548D007E64D6 /* Debug */,
				0009DBC0209F548D007E64D6 /* Release */,
			);
			defaultConfigurationIsVisible = 0;
			defaultConfigurationName = Release;
		};
		0009DBC1209F548D007E64D6 /* Build configuration list for PBXNativeTarget "Robin_Francq_S2IT_werkstuk1" */ = {
			isa = XCConfigurationList;
			buildConfigurations = (
				0009DBC2209F548D007E64D6 /* Debug */,
				0009DBC3209F548D007E64D6 /* Release */,
			);
			defaultConfigurationIsVisible = 0;
			defaultConfigurationName = Release;
		};
		0009DBC4209F548D007E64D6 /* Build configuration list for PBXNativeTarget "Robin_Francq_S2IT_werkstuk1Tests" */ = {
			isa = XCConfigurationList;
			buildConfigurations = (
				0009DBC5209F548D007E64D6 /* Debug */,
				0009DBC6209F548D007E64D6 /* Release */,
			);
			defaultConfigurationIsVisible = 0;
			defaultConfigurationName = Release;
		};
		0009DBC7209F548D007E64D6 /* Build configuration list for PBXNativeTarget "Robin_Francq_S2IT_werkstuk1UITests" */ = {
			isa = XCConfigurationList;
			buildConfigurations = (
				0009DBC8209F548D007E64D6 /* Debug */,
				0009DBC9209F548D007E64D6 /* Release */,
			);
			defaultConfigurationIsVisible = 0;
			defaultConfigurationName = Release;
		};
/* End XCConfigurationList section */
	};
	rootObject = 0009DB91209F548C007E64D6 /* Project object */;
}
