// !$*UTF8*$!
{
	archiveVersion = 1;
	classes = {
	};
	objectVersion = 50;
	objects = {

/* Begin PBXBuildFile section */
		00700B8120AD6B6B004731A0 /* AppDelegate.swift in Sources */ = {isa = PBXBuildFile; fileRef = 00700B8020AD6B6B004731A0 /* AppDelegate.swift */; };
		00700B8320AD6B6B004731A0 /* ViewController.swift in Sources */ = {isa = PBXBuildFile; fileRef = 00700B8220AD6B6B004731A0 /* ViewController.swift */; };
		00700B8620AD6B6B004731A0 /* Main.storyboard in Resources */ = {isa = PBXBuildFile; fileRef = 00700B8420AD6B6B004731A0 /* Main.storyboard */; };
		00700B8820AD6B6D004731A0 /* Assets.xcassets in Resources */ = {isa = PBXBuildFile; fileRef = 00700B8720AD6B6D004731A0 /* Assets.xcassets */; };
		00700B8B20AD6B6D004731A0 /* LaunchScreen.storyboard in Resources */ = {isa = PBXBuildFile; fileRef = 00700B8920AD6B6D004731A0 /* LaunchScreen.storyboard */; };
		00700B9620AD6B6D004731A0 /* MapViewTestTests.swift in Sources */ = {isa = PBXBuildFile; fileRef = 00700B9520AD6B6D004731A0 /* MapViewTestTests.swift */; };
		00700BA120AD6B6D004731A0 /* MapViewTestUITests.swift in Sources */ = {isa = PBXBuildFile; fileRef = 00700BA020AD6B6D004731A0 /* MapViewTestUITests.swift */; };
		00700BB020AD6C24004731A0 /* CoreLocation.framework in Frameworks */ = {isa = PBXBuildFile; fileRef = 00700BAF20AD6C24004731A0 /* CoreLocation.framework */; };
/* End PBXBuildFile section */

/* Begin PBXContainerItemProxy section */
		00700B9220AD6B6D004731A0 /* PBXContainerItemProxy */ = {
			isa = PBXContainerItemProxy;
			containerPortal = 00700B7520AD6B6B004731A0 /* Project object */;
			proxyType = 1;
			remoteGlobalIDString = 00700B7C20AD6B6B004731A0;
			remoteInfo = MapViewTest;
		};
		00700B9D20AD6B6D004731A0 /* PBXContainerItemProxy */ = {
			isa = PBXContainerItemProxy;
			containerPortal = 00700B7520AD6B6B004731A0 /* Project object */;
			proxyType = 1;
			remoteGlobalIDString = 00700B7C20AD6B6B004731A0;
			remoteInfo = MapViewTest;
		};
/* End PBXContainerItemProxy section */

/* Begin PBXFileReference section */
		00700B7D20AD6B6B004731A0 /* MapViewTest.app */ = {isa = PBXFileReference; explicitFileType = wrapper.application; includeInIndex = 0; path = MapViewTest.app; sourceTree = BUILT_PRODUCTS_DIR; };
		00700B8020AD6B6B004731A0 /* AppDelegate.swift */ = {isa = PBXFileReference; lastKnownFileType = sourcecode.swift; path = AppDelegate.swift; sourceTree = "<group>"; };
		00700B8220AD6B6B004731A0 /* ViewController.swift */ = {isa = PBXFileReference; lastKnownFileType = sourcecode.swift; path = ViewController.swift; sourceTree = "<group>"; };
		00700B8520AD6B6B004731A0 /* Base */ = {isa = PBXFileReference; lastKnownFileType = file.storyboard; name = Base; path = Base.lproj/Main.storyboard; sourceTree = "<group>"; };
		00700B8720AD6B6D004731A0 /* Assets.xcassets */ = {isa = PBXFileReference; lastKnownFileType = folder.assetcatalog; path = Assets.xcassets; sourceTree = "<group>"; };
		00700B8A20AD6B6D004731A0 /* Base */ = {isa = PBXFileReference; lastKnownFileType = file.storyboard; name = Base; path = Base.lproj/LaunchScreen.storyboard; sourceTree = "<group>"; };
		00700B8C20AD6B6D004731A0 /* Info.plist */ = {isa = PBXFileReference; lastKnownFileType = text.plist.xml; path = Info.plist; sourceTree = "<group>"; };
		00700B9120AD6B6D004731A0 /* MapViewTestTests.xctest */ = {isa = PBXFileReference; explicitFileType = wrapper.cfbundle; includeInIndex = 0; path = MapViewTestTests.xctest; sourceTree = BUILT_PRODUCTS_DIR; };
		00700B9520AD6B6D004731A0 /* MapViewTestTests.swift */ = {isa = PBXFileReference; lastKnownFileType = sourcecode.swift; path = MapViewTestTests.swift; sourceTree = "<group>"; };
		00700B9720AD6B6D004731A0 /* Info.plist */ = {isa = PBXFileReference; lastKnownFileType = text.plist.xml; path = Info.plist; sourceTree = "<group>"; };
		00700B9C20AD6B6D004731A0 /* MapViewTestUITests.xctest */ = {isa = PBXFileReference; explicitFileType = wrapper.cfbundle; includeInIndex = 0; path = MapViewTestUITests.xctest; sourceTree = BUILT_PRODUCTS_DIR; };
		00700BA020AD6B6D004731A0 /* MapViewTestUITests.swift */ = {isa = PBXFileReference; lastKnownFileType = sourcecode.swift; path = MapViewTestUITests.swift; sourceTree = "<group>"; };
		00700BA220AD6B6D004731A0 /* Info.plist */ = {isa = PBXFileReference; lastKnownFileType = text.plist.xml; path = Info.plist; sourceTree = "<group>"; };
		00700BAF20AD6C24004731A0 /* CoreLocation.framework */ = {isa = PBXFileReference; lastKnownFileType = wrapper.framework; name = CoreLocation.framework; path = System/Library/Frameworks/CoreLocation.framework; sourceTree = SDKROOT; };
/* End PBXFileReference section */

/* Begin PBXFrameworksBuildPhase section */
		00700B7A20AD6B6B004731A0 /* Frameworks */ = {
			isa = PBXFrameworksBuildPhase;
			buildActionMask = 2147483647;
			files = (
				00700BB020AD6C24004731A0 /* CoreLocation.framework in Frameworks */,
			);
			runOnlyForDeploymentPostprocessing = 0;
		};
		00700B8E20AD6B6D004731A0 /* Frameworks */ = {
			isa = PBXFrameworksBuildPhase;
			buildActionMask = 2147483647;
			files = (
			);
			runOnlyForDeploymentPostprocessing = 0;
		};
		00700B9920AD6B6D004731A0 /* Frameworks */ = {
			isa = PBXFrameworksBuildPhase;
			buildActionMask = 2147483647;
			files = (
			);
			runOnlyForDeploymentPostprocessing = 0;
		};
/* End PBXFrameworksBuildPhase section */

/* Begin PBXGroup section */
		00700B7420AD6B6B004731A0 = {
			isa = PBXGroup;
			children = (
				00700B7F20AD6B6B004731A0 /* MapViewTest */,
				00700B9420AD6B6D004731A0 /* MapViewTestTests */,
				00700B9F20AD6B6D004731A0 /* MapViewTestUITests */,
				00700B7E20AD6B6B004731A0 /* Products */,
				00700BAE20AD6C23004731A0 /* Frameworks */,
			);
			sourceTree = "<group>";
		};
		00700B7E20AD6B6B004731A0 /* Products */ = {
			isa = PBXGroup;
			children = (
				00700B7D20AD6B6B004731A0 /* MapViewTest.app */,
				00700B9120AD6B6D004731A0 /* MapViewTestTests.xctest */,
				00700B9C20AD6B6D004731A0 /* MapViewTestUITests.xctest */,
			);
			name = Products;
			sourceTree = "<group>";
		};
		00700B7F20AD6B6B004731A0 /* MapViewTest */ = {
			isa = PBXGroup;
			children = (
				00700B8020AD6B6B004731A0 /* AppDelegate.swift */,
				00700B8220AD6B6B004731A0 /* ViewController.swift */,
				00700B8420AD6B6B004731A0 /* Main.storyboard */,
				00700B8720AD6B6D004731A0 /* Assets.xcassets */,
				00700B8920AD6B6D004731A0 /* LaunchScreen.storyboard */,
				00700B8C20AD6B6D004731A0 /* Info.plist */,
			);
			path = MapViewTest;
			sourceTree = "<group>";
		};
		00700B9420AD6B6D004731A0 /* MapViewTestTests */ = {
			isa = PBXGroup;
			children = (
				00700B9520AD6B6D004731A0 /* MapViewTestTests.swift */,
				00700B9720AD6B6D004731A0 /* Info.plist */,
			);
			path = MapViewTestTests;
			sourceTree = "<group>";
		};
		00700B9F20AD6B6D004731A0 /* MapViewTestUITests */ = {
			isa = PBXGroup;
			children = (
				00700BA020AD6B6D004731A0 /* MapViewTestUITests.swift */,
				00700BA220AD6B6D004731A0 /* Info.plist */,
			);
			path = MapViewTestUITests;
			sourceTree = "<group>";
		};
		00700BAE20AD6C23004731A0 /* Frameworks */ = {
			isa = PBXGroup;
			children = (
				00700BAF20AD6C24004731A0 /* CoreLocation.framework */,
			);
			name = Frameworks;
			sourceTree = "<group>";
		};
/* End PBXGroup section */

/* Begin PBXNativeTarget section */
		00700B7C20AD6B6B004731A0 /* MapViewTest */ = {
			isa = PBXNativeTarget;
			buildConfigurationList = 00700BA520AD6B6D004731A0 /* Build configuration list for PBXNativeTarget "MapViewTest" */;
			buildPhases = (
				00700B7920AD6B6B004731A0 /* Sources */,
				00700B7A20AD6B6B004731A0 /* Frameworks */,
				00700B7B20AD6B6B004731A0 /* Resources */,
			);
			buildRules = (
			);
			dependencies = (
			);
			name = MapViewTest;
			productName = MapViewTest;
			productReference = 00700B7D20AD6B6B004731A0 /* MapViewTest.app */;
			productType = "com.apple.product-type.application";
		};
		00700B9020AD6B6D004731A0 /* MapViewTestTests */ = {
			isa = PBXNativeTarget;
			buildConfigurationList = 00700BA820AD6B6D004731A0 /* Build configuration list for PBXNativeTarget "MapViewTestTests" */;
			buildPhases = (
				00700B8D20AD6B6D004731A0 /* Sources */,
				00700B8E20AD6B6D004731A0 /* Frameworks */,
				00700B8F20AD6B6D004731A0 /* Resources */,
			);
			buildRules = (
			);
			dependencies = (
				00700B9320AD6B6D004731A0 /* PBXTargetDependency */,
			);
			name = MapViewTestTests;
			productName = MapViewTestTests;
			productReference = 00700B9120AD6B6D004731A0 /* MapViewTestTests.xctest */;
			productType = "com.apple.product-type.bundle.unit-test";
		};
		00700B9B20AD6B6D004731A0 /* MapViewTestUITests */ = {
			isa = PBXNativeTarget;
			buildConfigurationList = 00700BAB20AD6B6D004731A0 /* Build configuration list for PBXNativeTarget "MapViewTestUITests" */;
			buildPhases = (
				00700B9820AD6B6D004731A0 /* Sources */,
				00700B9920AD6B6D004731A0 /* Frameworks */,
				00700B9A20AD6B6D004731A0 /* Resources */,
			);
			buildRules = (
			);
			dependencies = (
				00700B9E20AD6B6D004731A0 /* PBXTargetDependency */,
			);
			name = MapViewTestUITests;
			productName = MapViewTestUITests;
			productReference = 00700B9C20AD6B6D004731A0 /* MapViewTestUITests.xctest */;
			productType = "com.apple.product-type.bundle.ui-testing";
		};
/* End PBXNativeTarget section */

/* Begin PBXProject section */
		00700B7520AD6B6B004731A0 /* Project object */ = {
			isa = PBXProject;
			attributes = {
				LastSwiftUpdateCheck = 0930;
				LastUpgradeCheck = 0930;
				ORGANIZATIONNAME = "Robin Francq";
				TargetAttributes = {
					00700B7C20AD6B6B004731A0 = {
						CreatedOnToolsVersion = 9.3.1;
					};
					00700B9020AD6B6D004731A0 = {
						CreatedOnToolsVersion = 9.3.1;
						TestTargetID = 00700B7C20AD6B6B004731A0;
					};
					00700B9B20AD6B6D004731A0 = {
						CreatedOnToolsVersion = 9.3.1;
						TestTargetID = 00700B7C20AD6B6B004731A0;
					};
				};
			};
			buildConfigurationList = 00700B7820AD6B6B004731A0 /* Build configuration list for PBXProject "MapViewTest" */;
			compatibilityVersion = "Xcode 9.3";
			developmentRegion = en;
			hasScannedForEncodings = 0;
			knownRegions = (
				en,
				Base,
			);
			mainGroup = 00700B7420AD6B6B004731A0;
			productRefGroup = 00700B7E20AD6B6B004731A0 /* Products */;
			projectDirPath = "";
			projectRoot = "";
			targets = (
				00700B7C20AD6B6B004731A0 /* MapViewTest */,
				00700B9020AD6B6D004731A0 /* MapViewTestTests */,
				00700B9B20AD6B6D004731A0 /* MapViewTestUITests */,
			);
		};
/* End PBXProject section */

/* Begin PBXResourcesBuildPhase section */
		00700B7B20AD6B6B004731A0 /* Resources */ = {
			isa = PBXResourcesBuildPhase;
			buildActionMask = 2147483647;
			files = (
				00700B8B20AD6B6D004731A0 /* LaunchScreen.storyboard in Resources */,
				00700B8820AD6B6D004731A0 /* Assets.xcassets in Resources */,
				00700B8620AD6B6B004731A0 /* Main.storyboard in Resources */,
			);
			runOnlyForDeploymentPostprocessing = 0;
		};
		00700B8F20AD6B6D004731A0 /* Resources */ = {
			isa = PBXResourcesBuildPhase;
			buildActionMask = 2147483647;
			files = (
			);
			runOnlyForDeploymentPostprocessing = 0;
		};
		00700B9A20AD6B6D004731A0 /* Resources */ = {
			isa = PBXResourcesBuildPhase;
			buildActionMask = 2147483647;
			files = (
			);
			runOnlyForDeploymentPostprocessing = 0;
		};
/* End PBXResourcesBuildPhase section */

/* Begin PBXSourcesBuildPhase section */
		00700B7920AD6B6B004731A0 /* Sources */ = {
			isa = PBXSourcesBuildPhase;
			buildActionMask = 2147483647;
			files = (
				00700B8320AD6B6B004731A0 /* ViewController.swift in Sources */,
				00700B8120AD6B6B004731A0 /* AppDelegate.swift in Sources */,
			);
			runOnlyForDeploymentPostprocessing = 0;
		};
		00700B8D20AD6B6D004731A0 /* Sources */ = {
			isa = PBXSourcesBuildPhase;
			buildActionMask = 2147483647;
			files = (
				00700B9620AD6B6D004731A0 /* MapViewTestTests.swift in Sources */,
			);
			runOnlyForDeploymentPostprocessing = 0;
		};
		00700B9820AD6B6D004731A0 /* Sources */ = {
			isa = PBXSourcesBuildPhase;
			buildActionMask = 2147483647;
			files = (
				00700BA120AD6B6D004731A0 /* MapViewTestUITests.swift in Sources */,
			);
			runOnlyForDeploymentPostprocessing = 0;
		};
/* End PBXSourcesBuildPhase section */

/* Begin PBXTargetDependency section */
		00700B9320AD6B6D004731A0 /* PBXTargetDependency */ = {
			isa = PBXTargetDependency;
			target = 00700B7C20AD6B6B004731A0 /* MapViewTest */;
			targetProxy = 00700B9220AD6B6D004731A0 /* PBXContainerItemProxy */;
		};
		00700B9E20AD6B6D004731A0 /* PBXTargetDependency */ = {
			isa = PBXTargetDependency;
			target = 00700B7C20AD6B6B004731A0 /* MapViewTest */;
			targetProxy = 00700B9D20AD6B6D004731A0 /* PBXContainerItemProxy */;
		};
/* End PBXTargetDependency section */

/* Begin PBXVariantGroup section */
		00700B8420AD6B6B004731A0 /* Main.storyboard */ = {
			isa = PBXVariantGroup;
			children = (
				00700B8520AD6B6B004731A0 /* Base */,
			);
			name = Main.storyboard;
			sourceTree = "<group>";
		};
		00700B8920AD6B6D004731A0 /* LaunchScreen.storyboard */ = {
			isa = PBXVariantGroup;
			children = (
				00700B8A20AD6B6D004731A0 /* Base */,
			);
			name = LaunchScreen.storyboard;
			sourceTree = "<group>";
		};
/* End PBXVariantGroup section */

/* Begin XCBuildConfiguration section */
		00700BA320AD6B6D004731A0 /* Debug */ = {
			isa = XCBuildConfiguration;
			buildSettings = {
				ALWAYS_SEARCH_USER_PATHS = NO;
				CLANG_ANALYZER_NONNULL = YES;
				CLANG_ANALYZER_NUMBER_OBJECT_CONVERSION = YES_AGGRESSIVE;
				CLANG_CXX_LANGUAGE_STANDARD = "gnu++14";
				CLANG_CXX_LIBRARY = "libc++";
				CLANG_ENABLE_MODULES = YES;
				CLANG_ENABLE_OBJC_ARC = YES;
				CLANG_ENABLE_OBJC_WEAK = YES;
				CLANG_WARN_BLOCK_CAPTURE_AUTORELEASING = YES;
				CLANG_WARN_BOOL_CONVERSION = YES;
				CLANG_WARN_COMMA = YES;
				CLANG_WARN_CONSTANT_CONVERSION = YES;
				CLANG_WARN_DEPRECATED_OBJC_IMPLEMENTATIONS = YES;
				CLANG_WARN_DIRECT_OBJC_ISA_USAGE = YES_ERROR;
				CLANG_WARN_DOCUMENTATION_COMMENTS = YES;
				CLANG_WARN_EMPTY_BODY = YES;
				CLANG_WARN_ENUM_CONVERSION = YES;
				CLANG_WARN_INFINITE_RECURSION = YES;
				CLANG_WARN_INT_CONVERSION = YES;
				CLANG_WARN_NON_LITERAL_NULL_CONVERSION = YES;
				CLANG_WARN_OBJC_IMPLICIT_RETAIN_SELF = YES;
				CLANG_WARN_OBJC_LITERAL_CONVERSION = YES;
				CLANG_WARN_OBJC_ROOT_CLASS = YES_ERROR;
				CLANG_WARN_RANGE_LOOP_ANALYSIS = YES;
				CLANG_WARN_STRICT_PROTOTYPES = YES;
				CLANG_WARN_SUSPICIOUS_MOVE = YES;
				CLANG_WARN_UNGUARDED_AVAILABILITY = YES_AGGRESSIVE;
				CLANG_WARN_UNREACHABLE_CODE = YES;
				CLANG_WARN__DUPLICATE_METHOD_MATCH = YES;
				CODE_SIGN_IDENTITY = "iPhone Developer";
				COPY_PHASE_STRIP = NO;
				DEBUG_INFORMATION_FORMAT = dwarf;
				ENABLE_STRICT_OBJC_MSGSEND = YES;
				ENABLE_TESTABILITY = YES;
				GCC_C_LANGUAGE_STANDARD = gnu11;
				GCC_DYNAMIC_NO_PIC = NO;
				GCC_NO_COMMON_BLOCKS = YES;
				GCC_OPTIMIZATION_LEVEL = 0;
				GCC_PREPROCESSOR_DEFINITIONS = (
					"DEBUG=1",
					"$(inherited)",
				);
				GCC_WARN_64_TO_32_BIT_CONVERSION = YES;
				GCC_WARN_ABOUT_RETURN_TYPE = YES_ERROR;
				GCC_WARN_UNDECLARED_SELECTOR = YES;
				GCC_WARN_UNINITIALIZED_AUTOS = YES_AGGRESSIVE;
				GCC_WARN_UNUSED_FUNCTION = YES;
				GCC_WARN_UNUSED_VARIABLE = YES;
				IPHONEOS_DEPLOYMENT_TARGET = 11.3;
				MTL_ENABLE_DEBUG_INFO = YES;
				ONLY_ACTIVE_ARCH = YES;
				SDKROOT = iphoneos;
				SWIFT_ACTIVE_COMPILATION_CONDITIONS = DEBUG;
				SWIFT_OPTIMIZATION_LEVEL = "-Onone";
			};
			name = Debug;
		};
		00700BA420AD6B6D004731A0 /* Release */ = {
			isa = XCBuildConfiguration;
			buildSettings = {
				ALWAYS_SEARCH_USER_PATHS = NO;
				CLANG_ANALYZER_NONNULL = YES;
				CLANG_ANALYZER_NUMBER_OBJECT_CONVERSION = YES_AGGRESSIVE;
				CLANG_CXX_LANGUAGE_STANDARD = "gnu++14";
				CLANG_CXX_LIBRARY = "libc++";
				CLANG_ENABLE_MODULES = YES;
				CLANG_ENABLE_OBJC_ARC = YES;
				CLANG_ENABLE_OBJC_WEAK = YES;
				CLANG_WARN_BLOCK_CAPTURE_AUTORELEASING = YES;
				CLANG_WARN_BOOL_CONVERSION = YES;
				CLANG_WARN_COMMA = YES;
				CLANG_WARN_CONSTANT_CONVERSION = YES;
				CLANG_WARN_DEPRECATED_OBJC_IMPLEMENTATIONS = YES;
				CLANG_WARN_DIRECT_OBJC_ISA_USAGE = YES_ERROR;
				CLANG_WARN_DOCUMENTATION_COMMENTS = YES;
				CLANG_WARN_EMPTY_BODY = YES;
				CLANG_WARN_ENUM_CONVERSION = YES;
				CLANG_WARN_INFINITE_RECURSION = YES;
				CLANG_WARN_INT_CONVERSION = YES;
				CLANG_WARN_NON_LITERAL_NULL_CONVERSION = YES;
				CLANG_WARN_OBJC_IMPLICIT_RETAIN_SELF = YES;
				CLANG_WARN_OBJC_LITERAL_CONVERSION = YES;
				CLANG_WARN_OBJC_ROOT_CLASS = YES_ERROR;
				CLANG_WARN_RANGE_LOOP_ANALYSIS = YES;
				CLANG_WARN_STRICT_PROTOTYPES = YES;
				CLANG_WARN_SUSPICIOUS_MOVE = YES;
				CLANG_WARN_UNGUARDED_AVAILABILITY = YES_AGGRESSIVE;
				CLANG_WARN_UNREACHABLE_CODE = YES;
				CLANG_WARN__DUPLICATE_METHOD_MATCH = YES;
				CODE_SIGN_IDENTITY = "iPhone Developer";
				COPY_PHASE_STRIP = NO;
				DEBUG_INFORMATION_FORMAT = "dwarf-with-dsym";
				ENABLE_NS_ASSERTIONS = NO;
				ENABLE_STRICT_OBJC_MSGSEND = YES;
				GCC_C_LANGUAGE_STANDARD = gnu11;
				GCC_NO_COMMON_BLOCKS = YES;
				GCC_WARN_64_TO_32_BIT_CONVERSION = YES;
				GCC_WARN_ABOUT_RETURN_TYPE = YES_ERROR;
				GCC_WARN_UNDECLARED_SELECTOR = YES;
				GCC_WARN_UNINITIALIZED_AUTOS = YES_AGGRESSIVE;
				GCC_WARN_UNUSED_FUNCTION = YES;
				GCC_WARN_UNUSED_VARIABLE = YES;
				IPHONEOS_DEPLOYMENT_TARGET = 11.3;
				MTL_ENABLE_DEBUG_INFO = NO;
				SDKROOT = iphoneos;
				SWIFT_COMPILATION_MODE = wholemodule;
				SWIFT_OPTIMIZATION_LEVEL = "-O";
				VALIDATE_PRODUCT = YES;
			};
			name = Release;
		};
		00700BA620AD6B6D004731A0 /* Debug */ = {
			isa = XCBuildConfiguration;
			buildSettings = {
				ASSETCATALOG_COMPILER_APPICON_NAME = AppIcon;
				CODE_SIGN_STYLE = Automatic;
				DEVELOPMENT_TEAM = J676C8A7S2;
				INFOPLIST_FILE = MapViewTest/Info.plist;
				LD_RUNPATH_SEARCH_PATHS = (
					"$(inherited)",
					"@executable_path/Frameworks",
				);
				PRODUCT_BUNDLE_IDENTIFIER = "-998.MapViewTest";
				PRODUCT_NAME = "$(TARGET_NAME)";
				SWIFT_VERSION = 4.0;
				TARGETED_DEVICE_FAMILY = "1,2";
			};
			name = Debug;
		};
		00700BA720AD6B6D004731A0 /* Release */ = {
			isa = XCBuildConfiguration;
			buildSettings = {
				ASSETCATALOG_COMPILER_APPICON_NAME = AppIcon;
				CODE_SIGN_STYLE = Automatic;
				DEVELOPMENT_TEAM = J676C8A7S2;
				INFOPLIST_FILE = MapViewTest/Info.plist;
				LD_RUNPATH_SEARCH_PATHS = (
					"$(inherited)",
					"@executable_path/Frameworks",
				);
				PRODUCT_BUNDLE_IDENTIFIER = "-998.MapViewTest";
				PRODUCT_NAME = "$(TARGET_NAME)";
				SWIFT_VERSION = 4.0;
				TARGETED_DEVICE_FAMILY = "1,2";
			};
			name = Release;
		};
		00700BA920AD6B6D004731A0 /* Debug */ = {
			isa = XCBuildConfiguration;
			buildSettings = {
				ALWAYS_EMBED_SWIFT_STANDARD_LIBRARIES = YES;
				BUNDLE_LOADER = "$(TEST_HOST)";
				CODE_SIGN_STYLE = Automatic;
				DEVELOPMENT_TEAM = J676C8A7S2;
				INFOPLIST_FILE = MapViewTestTests/Info.plist;
				LD_RUNPATH_SEARCH_PATHS = (
					"$(inherited)",
					"@executable_path/Frameworks",
					"@loader_path/Frameworks",
				);
				PRODUCT_BUNDLE_IDENTIFIER = "-998.MapViewTestTests";
				PRODUCT_NAME = "$(TARGET_NAME)";
				SWIFT_VERSION = 4.0;
				TARGETED_DEVICE_FAMILY = "1,2";
				TEST_HOST = "$(BUILT_PRODUCTS_DIR)/MapViewTest.app/MapViewTest";
			};
			name = Debug;
		};
		00700BAA20AD6B6D004731A0 /* Release */ = {
			isa = XCBuildConfiguration;
			buildSettings = {
				ALWAYS_EMBED_SWIFT_STANDARD_LIBRARIES = YES;
				BUNDLE_LOADER = "$(TEST_HOST)";
				CODE_SIGN_STYLE = Automatic;
				DEVELOPMENT_TEAM = J676C8A7S2;
				INFOPLIST_FILE = MapViewTestTests/Info.plist;
				LD_RUNPATH_SEARCH_PATHS = (
					"$(inherited)",
					"@executable_path/Frameworks",
					"@loader_path/Frameworks",
				);
				PRODUCT_BUNDLE_IDENTIFIER = "-998.MapViewTestTests";
				PRODUCT_NAME = "$(TARGET_NAME)";
				SWIFT_VERSION = 4.0;
				TARGETED_DEVICE_FAMILY = "1,2";
				TEST_HOST = "$(BUILT_PRODUCTS_DIR)/MapViewTest.app/MapViewTest";
			};
			name = Release;
		};
		00700BAC20AD6B6D004731A0 /* Debug */ = {
			isa = XCBuildConfiguration;
			buildSettings = {
				ALWAYS_EMBED_SWIFT_STANDARD_LIBRARIES = YES;
				CODE_SIGN_STYLE = Automatic;
				DEVELOPMENT_TEAM = J676C8A7S2;
				INFOPLIST_FILE = MapViewTestUITests/Info.plist;
				LD_RUNPATH_SEARCH_PATHS = (
					"$(inherited)",
					"@executable_path/Frameworks",
					"@loader_path/Frameworks",
				);
				PRODUCT_BUNDLE_IDENTIFIER = "-998.MapViewTestUITests";
				PRODUCT_NAME = "$(TARGET_NAME)";
				SWIFT_VERSION = 4.0;
				TARGETED_DEVICE_FAMILY = "1,2";
				TEST_TARGET_NAME = MapViewTest;
			};
			name = Debug;
		};
		00700BAD20AD6B6D004731A0 /* Release */ = {
			isa = XCBuildConfiguration;
			buildSettings = {
				ALWAYS_EMBED_SWIFT_STANDARD_LIBRARIES = YES;
				CODE_SIGN_STYLE = Automatic;
				DEVELOPMENT_TEAM = J676C8A7S2;
				INFOPLIST_FILE = MapViewTestUITests/Info.plist;
				LD_RUNPATH_SEARCH_PATHS = (
					"$(inherited)",
					"@executable_path/Frameworks",
					"@loader_path/Frameworks",
				);
				PRODUCT_BUNDLE_IDENTIFIER = "-998.MapViewTestUITests";
				PRODUCT_NAME = "$(TARGET_NAME)";
				SWIFT_VERSION = 4.0;
				TARGETED_DEVICE_FAMILY = "1,2";
				TEST_TARGET_NAME = MapViewTest;
			};
			name = Release;
		};
/* End XCBuildConfiguration section */

/* Begin XCConfigurationList section */
		00700B7820AD6B6B004731A0 /* Build configuration list for PBXProject "MapViewTest" */ = {
			isa = XCConfigurationList;
			buildConfigurations = (
				00700BA320AD6B6D004731A0 /* Debug */,
				00700BA420AD6B6D004731A0 /* Release */,
			);
			defaultConfigurationIsVisible = 0;
			defaultConfigurationName = Release;
		};
		00700BA520AD6B6D004731A0 /* Build configuration list for PBXNativeTarget "MapViewTest" */ = {
			isa = XCConfigurationList;
			buildConfigurations = (
				00700BA620AD6B6D004731A0 /* Debug */,
				00700BA720AD6B6D004731A0 /* Release */,
			);
			defaultConfigurationIsVisible = 0;
			defaultConfigurationName = Release;
		};
		00700BA820AD6B6D004731A0 /* Build configuration list for PBXNativeTarget "MapViewTestTests" */ = {
			isa = XCConfigurationList;
			buildConfigurations = (
				00700BA920AD6B6D004731A0 /* Debug */,
				00700BAA20AD6B6D004731A0 /* Release */,
			);
			defaultConfigurationIsVisible = 0;
			defaultConfigurationName = Release;
		};
		00700BAB20AD6B6D004731A0 /* Build configuration list for PBXNativeTarget "MapViewTestUITests" */ = {
			isa = XCConfigurationList;
			buildConfigurations = (
				00700BAC20AD6B6D004731A0 /* Debug */,
				00700BAD20AD6B6D004731A0 /* Release */,
			);
			defaultConfigurationIsVisible = 0;
			defaultConfigurationName = Release;
		};
/* End XCConfigurationList section */
	};
	rootObject = 00700B7520AD6B6B004731A0 /* Project object */;
}
