// !$*UTF8*$!
{
	archiveVersion = 1;
	classes = {
	};
	objectVersion = 50;
	objects = {

/* Begin PBXBuildFile section */
		00D85C5120ADF79800B0D95F /* AppDelegate.swift in Sources */ = {isa = PBXBuildFile; fileRef = 00D85C5020ADF79800B0D95F /* AppDelegate.swift */; };
		00D85C5320ADF79800B0D95F /* ViewController.swift in Sources */ = {isa = PBXBuildFile; fileRef = 00D85C5220ADF79800B0D95F /* ViewController.swift */; };
		00D85C5620ADF79800B0D95F /* Main.storyboard in Resources */ = {isa = PBXBuildFile; fileRef = 00D85C5420ADF79800B0D95F /* Main.storyboard */; };
		00D85C5820ADF79900B0D95F /* Assets.xcassets in Resources */ = {isa = PBXBuildFile; fileRef = 00D85C5720ADF79900B0D95F /* Assets.xcassets */; };
		00D85C5B20ADF79900B0D95F /* LaunchScreen.storyboard in Resources */ = {isa = PBXBuildFile; fileRef = 00D85C5920ADF79900B0D95F /* LaunchScreen.storyboard */; };
		00D85C6620ADF79900B0D95F /* MapViewTestTests.swift in Sources */ = {isa = PBXBuildFile; fileRef = 00D85C6520ADF79900B0D95F /* MapViewTestTests.swift */; };
		00D85C7120ADF79900B0D95F /* MapViewTestUITests.swift in Sources */ = {isa = PBXBuildFile; fileRef = 00D85C7020ADF79900B0D95F /* MapViewTestUITests.swift */; };
		00D85C8020ADF7BF00B0D95F /* MapKit.framework in Frameworks */ = {isa = PBXBuildFile; fileRef = 00D85C7F20ADF7BF00B0D95F /* MapKit.framework */; };
		00D85C8220ADF93200B0D95F /* myAnnotation.swift in Sources */ = {isa = PBXBuildFile; fileRef = 00D85C8120ADF93200B0D95F /* myAnnotation.swift */; };
/* End PBXBuildFile section */

/* Begin PBXContainerItemProxy section */
		00D85C6220ADF79900B0D95F /* PBXContainerItemProxy */ = {
			isa = PBXContainerItemProxy;
			containerPortal = 00D85C4520ADF79800B0D95F /* Project object */;
			proxyType = 1;
			remoteGlobalIDString = 00D85C4C20ADF79800B0D95F;
			remoteInfo = MapViewTest;
		};
		00D85C6D20ADF79900B0D95F /* PBXContainerItemProxy */ = {
			isa = PBXContainerItemProxy;
			containerPortal = 00D85C4520ADF79800B0D95F /* Project object */;
			proxyType = 1;
			remoteGlobalIDString = 00D85C4C20ADF79800B0D95F;
			remoteInfo = MapViewTest;
		};
/* End PBXContainerItemProxy section */

/* Begin PBXFileReference section */
		00D85C4D20ADF79800B0D95F /* MapViewTest.app */ = {isa = PBXFileReference; explicitFileType = wrapper.application; includeInIndex = 0; path = MapViewTest.app; sourceTree = BUILT_PRODUCTS_DIR; };
		00D85C5020ADF79800B0D95F /* AppDelegate.swift */ = {isa = PBXFileReference; lastKnownFileType = sourcecode.swift; path = AppDelegate.swift; sourceTree = "<group>"; };
		00D85C5220ADF79800B0D95F /* ViewController.swift */ = {isa = PBXFileReference; lastKnownFileType = sourcecode.swift; path = ViewController.swift; sourceTree = "<group>"; };
		00D85C5520ADF79800B0D95F /* Base */ = {isa = PBXFileReference; lastKnownFileType = file.storyboard; name = Base; path = Base.lproj/Main.storyboard; sourceTree = "<group>"; };
		00D85C5720ADF79900B0D95F /* Assets.xcassets */ = {isa = PBXFileReference; lastKnownFileType = folder.assetcatalog; path = Assets.xcassets; sourceTree = "<group>"; };
		00D85C5A20ADF79900B0D95F /* Base */ = {isa = PBXFileReference; lastKnownFileType = file.storyboard; name = Base; path = Base.lproj/LaunchScreen.storyboard; sourceTree = "<group>"; };
		00D85C5C20ADF79900B0D95F /* Info.plist */ = {isa = PBXFileReference; lastKnownFileType = text.plist.xml; path = Info.plist; sourceTree = "<group>"; };
		00D85C6120ADF79900B0D95F /* MapViewTestTests.xctest */ = {isa = PBXFileReference; explicitFileType = wrapper.cfbundle; includeInIndex = 0; path = MapViewTestTests.xctest; sourceTree = BUILT_PRODUCTS_DIR; };
		00D85C6520ADF79900B0D95F /* MapViewTestTests.swift */ = {isa = PBXFileReference; lastKnownFileType = sourcecode.swift; path = MapViewTestTests.swift; sourceTree = "<group>"; };
		00D85C6720ADF79900B0D95F /* Info.plist */ = {isa = PBXFileReference; lastKnownFileType = text.plist.xml; path = Info.plist; sourceTree = "<group>"; };
		00D85C6C20ADF79900B0D95F /* MapViewTestUITests.xctest */ = {isa = PBXFileReference; explicitFileType = wrapper.cfbundle; includeInIndex = 0; path = MapViewTestUITests.xctest; sourceTree = BUILT_PRODUCTS_DIR; };
		00D85C7020ADF79900B0D95F /* MapViewTestUITests.swift */ = {isa = PBXFileReference; lastKnownFileType = sourcecode.swift; path = MapViewTestUITests.swift; sourceTree = "<group>"; };
		00D85C7220ADF79900B0D95F /* Info.plist */ = {isa = PBXFileReference; lastKnownFileType = text.plist.xml; path = Info.plist; sourceTree = "<group>"; };
		00D85C7F20ADF7BF00B0D95F /* MapKit.framework */ = {isa = PBXFileReference; lastKnownFileType = wrapper.framework; name = MapKit.framework; path = System/Library/Frameworks/MapKit.framework; sourceTree = SDKROOT; };
		00D85C8120ADF93200B0D95F /* myAnnotation.swift */ = {isa = PBXFileReference; lastKnownFileType = sourcecode.swift; path = myAnnotation.swift; sourceTree = "<group>"; };
/* End PBXFileReference section */

/* Begin PBXFrameworksBuildPhase section */
		00D85C4A20ADF79800B0D95F /* Frameworks */ = {
			isa = PBXFrameworksBuildPhase;
			buildActionMask = 2147483647;
			files = (
				00D85C8020ADF7BF00B0D95F /* MapKit.framework in Frameworks */,
			);
			runOnlyForDeploymentPostprocessing = 0;
		};
		00D85C5E20ADF79900B0D95F /* Frameworks */ = {
			isa = PBXFrameworksBuildPhase;
			buildActionMask = 2147483647;
			files = (
			);
			runOnlyForDeploymentPostprocessing = 0;
		};
		00D85C6920ADF79900B0D95F /* Frameworks */ = {
			isa = PBXFrameworksBuildPhase;
			buildActionMask = 2147483647;
			files = (
			);
			runOnlyForDeploymentPostprocessing = 0;
		};
/* End PBXFrameworksBuildPhase section */

/* Begin PBXGroup section */
		00D85C4420ADF79800B0D95F = {
			isa = PBXGroup;
			children = (
				00D85C4F20ADF79800B0D95F /* MapViewTest */,
				00D85C6420ADF79900B0D95F /* MapViewTestTests */,
				00D85C6F20ADF79900B0D95F /* MapViewTestUITests */,
				00D85C4E20ADF79800B0D95F /* Products */,
				00D85C7E20ADF7BF00B0D95F /* Frameworks */,
			);
			sourceTree = "<group>";
		};
		00D85C4E20ADF79800B0D95F /* Products */ = {
			isa = PBXGroup;
			children = (
				00D85C4D20ADF79800B0D95F /* MapViewTest.app */,
				00D85C6120ADF79900B0D95F /* MapViewTestTests.xctest */,
				00D85C6C20ADF79900B0D95F /* MapViewTestUITests.xctest */,
			);
			name = Products;
			sourceTree = "<group>";
		};
		00D85C4F20ADF79800B0D95F /* MapViewTest */ = {
			isa = PBXGroup;
			children = (
				00D85C5020ADF79800B0D95F /* AppDelegate.swift */,
				00D85C5220ADF79800B0D95F /* ViewController.swift */,
				00D85C8120ADF93200B0D95F /* myAnnotation.swift */,
				00D85C5420ADF79800B0D95F /* Main.storyboard */,
				00D85C5720ADF79900B0D95F /* Assets.xcassets */,
				00D85C5920ADF79900B0D95F /* LaunchScreen.storyboard */,
				00D85C5C20ADF79900B0D95F /* Info.plist */,
			);
			path = MapViewTest;
			sourceTree = "<group>";
		};
		00D85C6420ADF79900B0D95F /* MapViewTestTests */ = {
			isa = PBXGroup;
			children = (
				00D85C6520ADF79900B0D95F /* MapViewTestTests.swift */,
				00D85C6720ADF79900B0D95F /* Info.plist */,
			);
			path = MapViewTestTests;
			sourceTree = "<group>";
		};
		00D85C6F20ADF79900B0D95F /* MapViewTestUITests */ = {
			isa = PBXGroup;
			children = (
				00D85C7020ADF79900B0D95F /* MapViewTestUITests.swift */,
				00D85C7220ADF79900B0D95F /* Info.plist */,
			);
			path = MapViewTestUITests;
			sourceTree = "<group>";
		};
		00D85C7E20ADF7BF00B0D95F /* Frameworks */ = {
			isa = PBXGroup;
			children = (
				00D85C7F20ADF7BF00B0D95F /* MapKit.framework */,
			);
			name = Frameworks;
			sourceTree = "<group>";
		};
/* End PBXGroup section */

/* Begin PBXNativeTarget section */
		00D85C4C20ADF79800B0D95F /* MapViewTest */ = {
			isa = PBXNativeTarget;
			buildConfigurationList = 00D85C7520ADF79900B0D95F /* Build configuration list for PBXNativeTarget "MapViewTest" */;
			buildPhases = (
				00D85C4920ADF79800B0D95F /* Sources */,
				00D85C4A20ADF79800B0D95F /* Frameworks */,
				00D85C4B20ADF79800B0D95F /* Resources */,
			);
			buildRules = (
			);
			dependencies = (
			);
			name = MapViewTest;
			productName = MapViewTest;
			productReference = 00D85C4D20ADF79800B0D95F /* MapViewTest.app */;
			productType = "com.apple.product-type.application";
		};
		00D85C6020ADF79900B0D95F /* MapViewTestTests */ = {
			isa = PBXNativeTarget;
			buildConfigurationList = 00D85C7820ADF79900B0D95F /* Build configuration list for PBXNativeTarget "MapViewTestTests" */;
			buildPhases = (
				00D85C5D20ADF79900B0D95F /* Sources */,
				00D85C5E20ADF79900B0D95F /* Frameworks */,
				00D85C5F20ADF79900B0D95F /* Resources */,
			);
			buildRules = (
			);
			dependencies = (
				00D85C6320ADF79900B0D95F /* PBXTargetDependency */,
			);
			name = MapViewTestTests;
			productName = MapViewTestTests;
			productReference = 00D85C6120ADF79900B0D95F /* MapViewTestTests.xctest */;
			productType = "com.apple.product-type.bundle.unit-test";
		};
		00D85C6B20ADF79900B0D95F /* MapViewTestUITests */ = {
			isa = PBXNativeTarget;
			buildConfigurationList = 00D85C7B20ADF79900B0D95F /* Build configuration list for PBXNativeTarget "MapViewTestUITests" */;
			buildPhases = (
				00D85C6820ADF79900B0D95F /* Sources */,
				00D85C6920ADF79900B0D95F /* Frameworks */,
				00D85C6A20ADF79900B0D95F /* Resources */,
			);
			buildRules = (
			);
			dependencies = (
				00D85C6E20ADF79900B0D95F /* PBXTargetDependency */,
			);
			name = MapViewTestUITests;
			productName = MapViewTestUITests;
			productReference = 00D85C6C20ADF79900B0D95F /* MapViewTestUITests.xctest */;
			productType = "com.apple.product-type.bundle.ui-testing";
		};
/* End PBXNativeTarget section */

/* Begin PBXProject section */
		00D85C4520ADF79800B0D95F /* Project object */ = {
			isa = PBXProject;
			attributes = {
				LastSwiftUpdateCheck = 0930;
				LastUpgradeCheck = 0930;
				ORGANIZATIONNAME = "Robin Francq";
				TargetAttributes = {
					00D85C4C20ADF79800B0D95F = {
						CreatedOnToolsVersion = 9.3.1;
					};
					00D85C6020ADF79900B0D95F = {
						CreatedOnToolsVersion = 9.3.1;
						TestTargetID = 00D85C4C20ADF79800B0D95F;
					};
					00D85C6B20ADF79900B0D95F = {
						CreatedOnToolsVersion = 9.3.1;
						TestTargetID = 00D85C4C20ADF79800B0D95F;
					};
				};
			};
			buildConfigurationList = 00D85C4820ADF79800B0D95F /* Build configuration list for PBXProject "MapViewTest" */;
			compatibilityVersion = "Xcode 9.3";
			developmentRegion = en;
			hasScannedForEncodings = 0;
			knownRegions = (
				en,
				Base,
			);
			mainGroup = 00D85C4420ADF79800B0D95F;
			productRefGroup = 00D85C4E20ADF79800B0D95F /* Products */;
			projectDirPath = "";
			projectRoot = "";
			targets = (
				00D85C4C20ADF79800B0D95F /* MapViewTest */,
				00D85C6020ADF79900B0D95F /* MapViewTestTests */,
				00D85C6B20ADF79900B0D95F /* MapViewTestUITests */,
			);
		};
/* End PBXProject section */

/* Begin PBXResourcesBuildPhase section */
		00D85C4B20ADF79800B0D95F /* Resources */ = {
			isa = PBXResourcesBuildPhase;
			buildActionMask = 2147483647;
			files = (
				00D85C5B20ADF79900B0D95F /* LaunchScreen.storyboard in Resources */,
				00D85C5820ADF79900B0D95F /* Assets.xcassets in Resources */,
				00D85C5620ADF79800B0D95F /* Main.storyboard in Resources */,
			);
			runOnlyForDeploymentPostprocessing = 0;
		};
		00D85C5F20ADF79900B0D95F /* Resources */ = {
			isa = PBXResourcesBuildPhase;
			buildActionMask = 2147483647;
			files = (
			);
			runOnlyForDeploymentPostprocessing = 0;
		};
		00D85C6A20ADF79900B0D95F /* Resources */ = {
			isa = PBXResourcesBuildPhase;
			buildActionMask = 2147483647;
			files = (
			);
			runOnlyForDeploymentPostprocessing = 0;
		};
/* End PBXResourcesBuildPhase section */

/* Begin PBXSourcesBuildPhase section */
		00D85C4920ADF79800B0D95F /* Sources */ = {
			isa = PBXSourcesBuildPhase;
			buildActionMask = 2147483647;
			files = (
				00D85C5320ADF79800B0D95F /* ViewController.swift in Sources */,
				00D85C5120ADF79800B0D95F /* AppDelegate.swift in Sources */,
				00D85C8220ADF93200B0D95F /* myAnnotation.swift in Sources */,
			);
			runOnlyForDeploymentPostprocessing = 0;
		};
		00D85C5D20ADF79900B0D95F /* Sources */ = {
			isa = PBXSourcesBuildPhase;
			buildActionMask = 2147483647;
			files = (
				00D85C6620ADF79900B0D95F /* MapViewTestTests.swift in Sources */,
			);
			runOnlyForDeploymentPostprocessing = 0;
		};
		00D85C6820ADF79900B0D95F /* Sources */ = {
			isa = PBXSourcesBuildPhase;
			buildActionMask = 2147483647;
			files = (
				00D85C7120ADF79900B0D95F /* MapViewTestUITests.swift in Sources */,
			);
			runOnlyForDeploymentPostprocessing = 0;
		};
/* End PBXSourcesBuildPhase section */

/* Begin PBXTargetDependency section */
		00D85C6320ADF79900B0D95F /* PBXTargetDependency */ = {
			isa = PBXTargetDependency;
			target = 00D85C4C20ADF79800B0D95F /* MapViewTest */;
			targetProxy = 00D85C6220ADF79900B0D95F /* PBXContainerItemProxy */;
		};
		00D85C6E20ADF79900B0D95F /* PBXTargetDependency */ = {
			isa = PBXTargetDependency;
			target = 00D85C4C20ADF79800B0D95F /* MapViewTest */;
			targetProxy = 00D85C6D20ADF79900B0D95F /* PBXContainerItemProxy */;
		};
/* End PBXTargetDependency section */

/* Begin PBXVariantGroup section */
		00D85C5420ADF79800B0D95F /* Main.storyboard */ = {
			isa = PBXVariantGroup;
			children = (
				00D85C5520ADF79800B0D95F /* Base */,
			);
			name = Main.storyboard;
			sourceTree = "<group>";
		};
		00D85C5920ADF79900B0D95F /* LaunchScreen.storyboard */ = {
			isa = PBXVariantGroup;
			children = (
				00D85C5A20ADF79900B0D95F /* Base */,
			);
			name = LaunchScreen.storyboard;
			sourceTree = "<group>";
		};
/* End PBXVariantGroup section */

/* Begin XCBuildConfiguration section */
		00D85C7320ADF79900B0D95F /* Debug */ = {
			isa = XCBuildConfiguration;
			buildSettings = {
				ALWAYS_SEARCH_USER_PATHS = NO;
				CLANG_ANALYZER_NONNULL = YES;
				CLANG_ANALYZER_NUMBER_OBJECT_CONVERSION = YES_AGGRESSIVE;
				CLANG_CXX_LANGUAGE_STANDARD = "gnu++14";
				CLANG_CXX_LIBRARY = "libc++";
				CLANG_ENABLE_MODULES = YES;
				CLANG_ENABLE_OBJC_ARC = YES;
				CLANG_ENABLE_OBJC_WEAK = YES;
				CLANG_WARN_BLOCK_CAPTURE_AUTORELEASING = YES;
				CLANG_WARN_BOOL_CONVERSION = YES;
				CLANG_WARN_COMMA = YES;
				CLANG_WARN_CONSTANT_CONVERSION = YES;
				CLANG_WARN_DEPRECATED_OBJC_IMPLEMENTATIONS = YES;
				CLANG_WARN_DIRECT_OBJC_ISA_USAGE = YES_ERROR;
				CLANG_WARN_DOCUMENTATION_COMMENTS = YES;
				CLANG_WARN_EMPTY_BODY = YES;
				CLANG_WARN_ENUM_CONVERSION = YES;
				CLANG_WARN_INFINITE_RECURSION = YES;
				CLANG_WARN_INT_CONVERSION = YES;
				CLANG_WARN_NON_LITERAL_NULL_CONVERSION = YES;
				CLANG_WARN_OBJC_IMPLICIT_RETAIN_SELF = YES;
				CLANG_WARN_OBJC_LITERAL_CONVERSION = YES;
				CLANG_WARN_OBJC_ROOT_CLASS = YES_ERROR;
				CLANG_WARN_RANGE_LOOP_ANALYSIS = YES;
				CLANG_WARN_STRICT_PROTOTYPES = YES;
				CLANG_WARN_SUSPICIOUS_MOVE = YES;
				CLANG_WARN_UNGUARDED_AVAILABILITY = YES_AGGRESSIVE;
				CLANG_WARN_UNREACHABLE_CODE = YES;
				CLANG_WARN__DUPLICATE_METHOD_MATCH = YES;
				CODE_SIGN_IDENTITY = "iPhone Developer";
				COPY_PHASE_STRIP = NO;
				DEBUG_INFORMATION_FORMAT = dwarf;
				ENABLE_STRICT_OBJC_MSGSEND = YES;
				ENABLE_TESTABILITY = YES;
				GCC_C_LANGUAGE_STANDARD = gnu11;
				GCC_DYNAMIC_NO_PIC = NO;
				GCC_NO_COMMON_BLOCKS = YES;
				GCC_OPTIMIZATION_LEVEL = 0;
				GCC_PREPROCESSOR_DEFINITIONS = (
					"DEBUG=1",
					"$(inherited)",
				);
				GCC_WARN_64_TO_32_BIT_CONVERSION = YES;
				GCC_WARN_ABOUT_RETURN_TYPE = YES_ERROR;
				GCC_WARN_UNDECLARED_SELECTOR = YES;
				GCC_WARN_UNINITIALIZED_AUTOS = YES_AGGRESSIVE;
				GCC_WARN_UNUSED_FUNCTION = YES;
				GCC_WARN_UNUSED_VARIABLE = YES;
				IPHONEOS_DEPLOYMENT_TARGET = 11.3;
				MTL_ENABLE_DEBUG_INFO = YES;
				ONLY_ACTIVE_ARCH = YES;
				SDKROOT = iphoneos;
				SWIFT_ACTIVE_COMPILATION_CONDITIONS = DEBUG;
				SWIFT_OPTIMIZATION_LEVEL = "-Onone";
			};
			name = Debug;
		};
		00D85C7420ADF79900B0D95F /* Release */ = {
			isa = XCBuildConfiguration;
			buildSettings = {
				ALWAYS_SEARCH_USER_PATHS = NO;
				CLANG_ANALYZER_NONNULL = YES;
				CLANG_ANALYZER_NUMBER_OBJECT_CONVERSION = YES_AGGRESSIVE;
				CLANG_CXX_LANGUAGE_STANDARD = "gnu++14";
				CLANG_CXX_LIBRARY = "libc++";
				CLANG_ENABLE_MODULES = YES;
				CLANG_ENABLE_OBJC_ARC = YES;
				CLANG_ENABLE_OBJC_WEAK = YES;
				CLANG_WARN_BLOCK_CAPTURE_AUTORELEASING = YES;
				CLANG_WARN_BOOL_CONVERSION = YES;
				CLANG_WARN_COMMA = YES;
				CLANG_WARN_CONSTANT_CONVERSION = YES;
				CLANG_WARN_DEPRECATED_OBJC_IMPLEMENTATIONS = YES;
				CLANG_WARN_DIRECT_OBJC_ISA_USAGE = YES_ERROR;
				CLANG_WARN_DOCUMENTATION_COMMENTS = YES;
				CLANG_WARN_EMPTY_BODY = YES;
				CLANG_WARN_ENUM_CONVERSION = YES;
				CLANG_WARN_INFINITE_RECURSION = YES;
				CLANG_WARN_INT_CONVERSION = YES;
				CLANG_WARN_NON_LITERAL_NULL_CONVERSION = YES;
				CLANG_WARN_OBJC_IMPLICIT_RETAIN_SELF = YES;
				CLANG_WARN_OBJC_LITERAL_CONVERSION = YES;
				CLANG_WARN_OBJC_ROOT_CLASS = YES_ERROR;
				CLANG_WARN_RANGE_LOOP_ANALYSIS = YES;
				CLANG_WARN_STRICT_PROTOTYPES = YES;
				CLANG_WARN_SUSPICIOUS_MOVE = YES;
				CLANG_WARN_UNGUARDED_AVAILABILITY = YES_AGGRESSIVE;
				CLANG_WARN_UNREACHABLE_CODE = YES;
				CLANG_WARN__DUPLICATE_METHOD_MATCH = YES;
				CODE_SIGN_IDENTITY = "iPhone Developer";
				COPY_PHASE_STRIP = NO;
				DEBUG_INFORMATION_FORMAT = "dwarf-with-dsym";
				ENABLE_NS_ASSERTIONS = NO;
				ENABLE_STRICT_OBJC_MSGSEND = YES;
				GCC_C_LANGUAGE_STANDARD = gnu11;
				GCC_NO_COMMON_BLOCKS = YES;
				GCC_WARN_64_TO_32_BIT_CONVERSION = YES;
				GCC_WARN_ABOUT_RETURN_TYPE = YES_ERROR;
				GCC_WARN_UNDECLARED_SELECTOR = YES;
				GCC_WARN_UNINITIALIZED_AUTOS = YES_AGGRESSIVE;
				GCC_WARN_UNUSED_FUNCTION = YES;
				GCC_WARN_UNUSED_VARIABLE = YES;
				IPHONEOS_DEPLOYMENT_TARGET = 11.3;
				MTL_ENABLE_DEBUG_INFO = NO;
				SDKROOT = iphoneos;
				SWIFT_COMPILATION_MODE = wholemodule;
				SWIFT_OPTIMIZATION_LEVEL = "-O";
				VALIDATE_PRODUCT = YES;
			};
			name = Release;
		};
		00D85C7620ADF79900B0D95F /* Debug */ = {
			isa = XCBuildConfiguration;
			buildSettings = {
				ASSETCATALOG_COMPILER_APPICON_NAME = AppIcon;
				CODE_SIGN_STYLE = Automatic;
				DEVELOPMENT_TEAM = J676C8A7S2;
				INFOPLIST_FILE = MapViewTest/Info.plist;
				LD_RUNPATH_SEARCH_PATHS = (
					"$(inherited)",
					"@executable_path/Frameworks",
				);
				PRODUCT_BUNDLE_IDENTIFIER = "-998.MapViewTest";
				PRODUCT_NAME = "$(TARGET_NAME)";
				SWIFT_VERSION = 4.0;
				TARGETED_DEVICE_FAMILY = "1,2";
			};
			name = Debug;
		};
		00D85C7720ADF79900B0D95F /* Release */ = {
			isa = XCBuildConfiguration;
			buildSettings = {
				ASSETCATALOG_COMPILER_APPICON_NAME = AppIcon;
				CODE_SIGN_STYLE = Automatic;
				DEVELOPMENT_TEAM = J676C8A7S2;
				INFOPLIST_FILE = MapViewTest/Info.plist;
				LD_RUNPATH_SEARCH_PATHS = (
					"$(inherited)",
					"@executable_path/Frameworks",
				);
				PRODUCT_BUNDLE_IDENTIFIER = "-998.MapViewTest";
				PRODUCT_NAME = "$(TARGET_NAME)";
				SWIFT_VERSION = 4.0;
				TARGETED_DEVICE_FAMILY = "1,2";
			};
			name = Release;
		};
		00D85C7920ADF79900B0D95F /* Debug */ = {
			isa = XCBuildConfiguration;
			buildSettings = {
				ALWAYS_EMBED_SWIFT_STANDARD_LIBRARIES = YES;
				BUNDLE_LOADER = "$(TEST_HOST)";
				CODE_SIGN_STYLE = Automatic;
				DEVELOPMENT_TEAM = J676C8A7S2;
				INFOPLIST_FILE = MapViewTestTests/Info.plist;
				LD_RUNPATH_SEARCH_PATHS = (
					"$(inherited)",
					"@executable_path/Frameworks",
					"@loader_path/Frameworks",
				);
				PRODUCT_BUNDLE_IDENTIFIER = "-998.MapViewTestTests";
				PRODUCT_NAME = "$(TARGET_NAME)";
				SWIFT_VERSION = 4.0;
				TARGETED_DEVICE_FAMILY = "1,2";
				TEST_HOST = "$(BUILT_PRODUCTS_DIR)/MapViewTest.app/MapViewTest";
			};
			name = Debug;
		};
		00D85C7A20ADF79900B0D95F /* Release */ = {
			isa = XCBuildConfiguration;
			buildSettings = {
				ALWAYS_EMBED_SWIFT_STANDARD_LIBRARIES = YES;
				BUNDLE_LOADER = "$(TEST_HOST)";
				CODE_SIGN_STYLE = Automatic;
				DEVELOPMENT_TEAM = J676C8A7S2;
				INFOPLIST_FILE = MapViewTestTests/Info.plist;
				LD_RUNPATH_SEARCH_PATHS = (
					"$(inherited)",
					"@executable_path/Frameworks",
					"@loader_path/Frameworks",
				);
				PRODUCT_BUNDLE_IDENTIFIER = "-998.MapViewTestTests";
				PRODUCT_NAME = "$(TARGET_NAME)";
				SWIFT_VERSION = 4.0;
				TARGETED_DEVICE_FAMILY = "1,2";
				TEST_HOST = "$(BUILT_PRODUCTS_DIR)/MapViewTest.app/MapViewTest";
			};
			name = Release;
		};
		00D85C7C20ADF79900B0D95F /* Debug */ = {
			isa = XCBuildConfiguration;
			buildSettings = {
				ALWAYS_EMBED_SWIFT_STANDARD_LIBRARIES = YES;
				CODE_SIGN_STYLE = Automatic;
				DEVELOPMENT_TEAM = J676C8A7S2;
				INFOPLIST_FILE = MapViewTestUITests/Info.plist;
				LD_RUNPATH_SEARCH_PATHS = (
					"$(inherited)",
					"@executable_path/Frameworks",
					"@loader_path/Frameworks",
				);
				PRODUCT_BUNDLE_IDENTIFIER = "-998.MapViewTestUITests";
				PRODUCT_NAME = "$(TARGET_NAME)";
				SWIFT_VERSION = 4.0;
				TARGETED_DEVICE_FAMILY = "1,2";
				TEST_TARGET_NAME = MapViewTest;
			};
			name = Debug;
		};
		00D85C7D20ADF79900B0D95F /* Release */ = {
			isa = XCBuildConfiguration;
			buildSettings = {
				ALWAYS_EMBED_SWIFT_STANDARD_LIBRARIES = YES;
				CODE_SIGN_STYLE = Automatic;
				DEVELOPMENT_TEAM = J676C8A7S2;
				INFOPLIST_FILE = MapViewTestUITests/Info.plist;
				LD_RUNPATH_SEARCH_PATHS = (
					"$(inherited)",
					"@executable_path/Frameworks",
					"@loader_path/Frameworks",
				);
				PRODUCT_BUNDLE_IDENTIFIER = "-998.MapViewTestUITests";
				PRODUCT_NAME = "$(TARGET_NAME)";
				SWIFT_VERSION = 4.0;
				TARGETED_DEVICE_FAMILY = "1,2";
				TEST_TARGET_NAME = MapViewTest;
			};
			name = Release;
		};
/* End XCBuildConfiguration section */

/* Begin XCConfigurationList section */
		00D85C4820ADF79800B0D95F /* Build configuration list for PBXProject "MapViewTest" */ = {
			isa = XCConfigurationList;
			buildConfigurations = (
				00D85C7320ADF79900B0D95F /* Debug */,
				00D85C7420ADF79900B0D95F /* Release */,
			);
			defaultConfigurationIsVisible = 0;
			defaultConfigurationName = Release;
		};
		00D85C7520ADF79900B0D95F /* Build configuration list for PBXNativeTarget "MapViewTest" */ = {
			isa = XCConfigurationList;
			buildConfigurations = (
				00D85C7620ADF79900B0D95F /* Debug */,
				00D85C7720ADF79900B0D95F /* Release */,
			);
			defaultConfigurationIsVisible = 0;
			defaultConfigurationName = Release;
		};
		00D85C7820ADF79900B0D95F /* Build configuration list for PBXNativeTarget "MapViewTestTests" */ = {
			isa = XCConfigurationList;
			buildConfigurations = (
				00D85C7920ADF79900B0D95F /* Debug */,
				00D85C7A20ADF79900B0D95F /* Release */,
			);
			defaultConfigurationIsVisible = 0;
			defaultConfigurationName = Release;
		};
		00D85C7B20ADF79900B0D95F /* Build configuration list for PBXNativeTarget "MapViewTestUITests" */ = {
			isa = XCConfigurationList;
			buildConfigurations = (
				00D85C7C20ADF79900B0D95F /* Debug */,
				00D85C7D20ADF79900B0D95F /* Release */,
			);
			defaultConfigurationIsVisible = 0;
			defaultConfigurationName = Release;
		};
/* End XCConfigurationList section */
	};
	rootObject = 00D85C4520ADF79800B0D95F /* Project object */;
}
